
Microsoft Visual Studio Solution File, Format Version 12.00
# Visual Studio 2012
Project("{FAE04EC0-301F-11D3-BF4B-00C04F79EFBC}") = "ListFolder", "ListFolder.csproj", "{6BC8ED88-2882-458C-8E55-992873487418}"
EndProject
Global
	GlobalSection(SolutionConfigurationPlatforms) = preSolution
		Debug|iPhoneSimulator = Debug|iPhoneSimulator
		Release|iPhoneSimulator = Release|iPhoneSimulator
		Debug|iPhone = Debug|iPhone
		Release|iPhone = Release|iPhone
	EndGlobalSection
	GlobalSection(ProjectConfigurationPlatforms) = postSolution
		{6BC8ED88-2882-458C-8E55-992873487418}.Debug|iPhone.ActiveCfg = Debug|iPhone
		{6BC8ED88-2882-458C-8E55-992873487418}.Debug|iPhone.Build.0 = Debug|iPhone
		{6BC8ED88-2882-458C-8E55-992873487418}.Debug|iPhoneSimulator.ActiveCfg = Debug|iPhoneSimulator
		{6BC8ED88-2882-458C-8E55-992873487418}.Debug|iPhoneSimulator.Build.0 = Debug|iPhoneSimulator
		{6BC8ED88-2882-458C-8E55-992873487418}.Release|iPhone.ActiveCfg = Release|iPhone
		{6BC8ED88-2882-458C-8E55-992873487418}.Release|iPhone.Build.0 = Release|iPhone
		{6BC8ED88-2882-458C-8E55-992873487418}.Release|iPhoneSimulator.ActiveCfg = Release|iPhoneSimulator
		{6BC8ED88-2882-458C-8E55-992873487418}.Release|iPhoneSimulator.Build.0 = Release|iPhoneSimulator
	EndGlobalSection
	GlobalSection(MonoDevelopProperties) = preSolution
		StartupItem = ListFolder.csproj
	EndGlobalSection
EndGlobal
